
Microsoft Visual Studio Solution File, Format Version 12.00
# Visual Studio Version 17
VisualStudioVersion = 17.7.34031.279
MinimumVisualStudioVersion = 10.0.40219.1
Project("{9A19103F-16F7-4668-BE54-9A1E7A4F7556}") = "1.Begin", "1.Begin\1.Begin.csproj", "{E9741BCA-458C-400D-AC22-C30AABB1BDCF}"
EndProject
Project("{9A19103F-16F7-4668-BE54-9A1E7A4F7556}") = "2.Operators", "2.Operators\2.Operators.csproj", "{94720D15-C590-430B-9867-AE069024C37A}"
EndProject
Project("{9A19103F-16F7-4668-BE54-9A1E7A4F7556}") = "3.ModificatorsOutRef", "3.ModificatorsOutRef\3.ModificatorsOutRef.csproj", "{69091419-7DCC-4CF7-9BDA-E4ED1187C578}"
EndProject
Project("{9A19103F-16F7-4668-BE54-9A1E7A4F7556}") = "4.Kortadge", "4.Kortadge\4.Kortadge.csproj", "{30909E44-9D3C-4E00-9B0D-5BD6AB583D20}"
EndProject
Project("{9A19103F-16F7-4668-BE54-9A1E7A4F7556}") = "5.Encapsulation", "5.Encapsulation\5.Encapsulation.csproj", "{A7AF6254-3111-4479-94BC-E0A200018FB3}"
EndProject
Project("{9A19103F-16F7-4668-BE54-9A1E7A4F7556}") = "6.Imitation", "6.Imitation\6.Imitation.csproj", "{BD65C316-030C-470B-A5BC-DE139C6AC77B}"
EndProject
Project("{9A19103F-16F7-4668-BE54-9A1E7A4F7556}") = "7.MyException", "7.MyException\7.MyException.csproj", "{0C6B7789-E728-4047-B9A1-A38DEE839ADF}"
EndProject
Project("{9A19103F-16F7-4668-BE54-9A1E7A4F7556}") = "8.MyYield", "8.MyYield\8.MyYield.csproj", "{0B82CCC4-2A09-4D32-86D2-E3D020E27ECA}"
EndProject
Project("{9A19103F-16F7-4668-BE54-9A1E7A4F7556}") = "9.Collection", "9.Collection\9.Collection.csproj", "{8DDD4CF3-D526-427C-98C8-B3C9AE0B129E}"
EndProject
Project("{FAE04EC0-301F-11D3-BF4B-00C04F79EFBC}") = "10.Deleteage", "10.Deleteage\10.Deleteage.csproj", "{31956830-0161-4B9D-AB4A-124BB0C65DAC}"
EndProject
Project("{FAE04EC0-301F-11D3-BF4B-00C04F79EFBC}") = "11.DeletageEvent", "11.DeletageEvent\11.DeletageEvent.csproj", "{5B38963B-5EEB-4945-B136-4B908C09B322}"
EndProject
Global
	GlobalSection(SolutionConfigurationPlatforms) = preSolution
		Debug|Any CPU = Debug|Any CPU
		Release|Any CPU = Release|Any CPU
	EndGlobalSection
	GlobalSection(ProjectConfigurationPlatforms) = postSolution
		{E9741BCA-458C-400D-AC22-C30AABB1BDCF}.Debug|Any CPU.ActiveCfg = Debug|Any CPU
		{E9741BCA-458C-400D-AC22-C30AABB1BDCF}.Debug|Any CPU.Build.0 = Debug|Any CPU
		{E9741BCA-458C-400D-AC22-C30AABB1BDCF}.Release|Any CPU.ActiveCfg = Release|Any CPU
		{E9741BCA-458C-400D-AC22-C30AABB1BDCF}.Release|Any CPU.Build.0 = Release|Any CPU
		{94720D15-C590-430B-9867-AE069024C37A}.Debug|Any CPU.ActiveCfg = Debug|Any CPU
		{94720D15-C590-430B-9867-AE069024C37A}.Debug|Any CPU.Build.0 = Debug|Any CPU
		{94720D15-C590-430B-9867-AE069024C37A}.Release|Any CPU.ActiveCfg = Release|Any CPU
		{94720D15-C590-430B-9867-AE069024C37A}.Release|Any CPU.Build.0 = Release|Any CPU
		{69091419-7DCC-4CF7-9BDA-E4ED1187C578}.Debug|Any CPU.ActiveCfg = Debug|Any CPU
		{69091419-7DCC-4CF7-9BDA-E4ED1187C578}.Debug|Any CPU.Build.0 = Debug|Any CPU
		{69091419-7DCC-4CF7-9BDA-E4ED1187C578}.Release|Any CPU.ActiveCfg = Release|Any CPU
		{69091419-7DCC-4CF7-9BDA-E4ED1187C578}.Release|Any CPU.Build.0 = Release|Any CPU
		{30909E44-9D3C-4E00-9B0D-5BD6AB583D20}.Debug|Any CPU.ActiveCfg = Debug|Any CPU
		{30909E44-9D3C-4E00-9B0D-5BD6AB583D20}.Debug|Any CPU.Build.0 = Debug|Any CPU
		{30909E44-9D3C-4E00-9B0D-5BD6AB583D20}.Release|Any CPU.ActiveCfg = Release|Any CPU
		{30909E44-9D3C-4E00-9B0D-5BD6AB583D20}.Release|Any CPU.Build.0 = Release|Any CPU
		{A7AF6254-3111-4479-94BC-E0A200018FB3}.Debug|Any CPU.ActiveCfg = Debug|Any CPU
		{A7AF6254-3111-4479-94BC-E0A200018FB3}.Debug|Any CPU.Build.0 = Debug|Any CPU
		{A7AF6254-3111-4479-94BC-E0A200018FB3}.Release|Any CPU.ActiveCfg = Release|Any CPU
		{A7AF6254-3111-4479-94BC-E0A200018FB3}.Release|Any CPU.Build.0 = Release|Any CPU
		{BD65C316-030C-470B-A5BC-DE139C6AC77B}.Debug|Any CPU.ActiveCfg = Debug|Any CPU
		{BD65C316-030C-470B-A5BC-DE139C6AC77B}.Debug|Any CPU.Build.0 = Debug|Any CPU
		{BD65C316-030C-470B-A5BC-DE139C6AC77B}.Release|Any CPU.ActiveCfg = Release|Any CPU
		{BD65C316-030C-470B-A5BC-DE139C6AC77B}.Release|Any CPU.Build.0 = Release|Any CPU
		{0C6B7789-E728-4047-B9A1-A38DEE839ADF}.Debug|Any CPU.ActiveCfg = Debug|Any CPU
		{0C6B7789-E728-4047-B9A1-A38DEE839ADF}.Debug|Any CPU.Build.0 = Debug|Any CPU
		{0C6B7789-E728-4047-B9A1-A38DEE839ADF}.Release|Any CPU.ActiveCfg = Release|Any CPU
		{0C6B7789-E728-4047-B9A1-A38DEE839ADF}.Release|Any CPU.Build.0 = Release|Any CPU
		{0B82CCC4-2A09-4D32-86D2-E3D020E27ECA}.Debug|Any CPU.ActiveCfg = Debug|Any CPU
		{0B82CCC4-2A09-4D32-86D2-E3D020E27ECA}.Debug|Any CPU.Build.0 = Debug|Any CPU
		{0B82CCC4-2A09-4D32-86D2-E3D020E27ECA}.Release|Any CPU.ActiveCfg = Release|Any CPU
		{0B82CCC4-2A09-4D32-86D2-E3D020E27ECA}.Release|Any CPU.Build.0 = Release|Any CPU
		{8DDD4CF3-D526-427C-98C8-B3C9AE0B129E}.Debug|Any CPU.ActiveCfg = Debug|Any CPU
		{8DDD4CF3-D526-427C-98C8-B3C9AE0B129E}.Debug|Any CPU.Build.0 = Debug|Any CPU
		{8DDD4CF3-D526-427C-98C8-B3C9AE0B129E}.Release|Any CPU.ActiveCfg = Release|Any CPU
		{8DDD4CF3-D526-427C-98C8-B3C9AE0B129E}.Release|Any CPU.Build.0 = Release|Any CPU
		{31956830-0161-4B9D-AB4A-124BB0C65DAC}.Debug|Any CPU.ActiveCfg = Debug|Any CPU
		{31956830-0161-4B9D-AB4A-124BB0C65DAC}.Debug|Any CPU.Build.0 = Debug|Any CPU
		{31956830-0161-4B9D-AB4A-124BB0C65DAC}.Release|Any CPU.ActiveCfg = Release|Any CPU
		{31956830-0161-4B9D-AB4A-124BB0C65DAC}.Release|Any CPU.Build.0 = Release|Any CPU
		{5B38963B-5EEB-4945-B136-4B908C09B322}.Debug|Any CPU.ActiveCfg = Debug|Any CPU
		{5B38963B-5EEB-4945-B136-4B908C09B322}.Debug|Any CPU.Build.0 = Debug|Any CPU
		{5B38963B-5EEB-4945-B136-4B908C09B322}.Release|Any CPU.ActiveCfg = Release|Any CPU
		{5B38963B-5EEB-4945-B136-4B908C09B322}.Release|Any CPU.Build.0 = Release|Any CPU
	EndGlobalSection
	GlobalSection(SolutionProperties) = preSolution
		HideSolutionNode = FALSE
	EndGlobalSection
	GlobalSection(ExtensibilityGlobals) = postSolution
		SolutionGuid = {3550350A-2CE5-43E9-86E2-C36C5809DF6A}
	EndGlobalSection
EndGlobal
